
Microsoft Visual Studio Solution File, Format Version 12.00
# Visual Studio 15
VisualStudioVersion = 15.0.28307.136
MinimumVisualStudioVersion = 10.0.40219.1
Project("{FAE04EC0-301F-11D3-BF4B-00C04F79EFBC}") = "RealTimeRTBEditor_Client", "RealTimeRTBEditor_Client\RealTimeRTBEditor_Client.csproj", "{6965B52A-F9EA-4476-B98B-BF9A1184ABBB}"
EndProject
Global
	GlobalSection(SolutionConfigurationPlatforms) = preSolution
		Debug|Any CPU = Debug|Any CPU
		Release|Any CPU = Release|Any CPU
	EndGlobalSection
	GlobalSection(ProjectConfigurationPlatforms) = postSolution
		{6965B52A-F9EA-4476-B98B-BF9A1184ABBB}.Debug|Any CPU.ActiveCfg = Debug|Any CPU
		{6965B52A-F9EA-4476-B98B-BF9A1184ABBB}.Debug|Any CPU.Build.0 = Debug|Any CPU
		{6965B52A-F9EA-4476-B98B-BF9A1184ABBB}.Release|Any CPU.ActiveCfg = Release|Any CPU
		{6965B52A-F9EA-4476-B98B-BF9A1184ABBB}.Release|Any CPU.Build.0 = Release|Any CPU
	EndGlobalSection
	GlobalSection(SolutionProperties) = preSolution
		HideSolutionNode = FALSE
	EndGlobalSection
	GlobalSection(ExtensibilityGlobals) = postSolution
		SolutionGuid = {7B888383-46E6-47DD-A9C3-FAB3D0BBCB18}
	EndGlobalSection
EndGlobal
